# THIS IS AN AUTOGENERATED FILE. DO NOT EDIT THIS FILE DIRECTLY.
# yarn lockfile v1


"@fullcalendar/core@~6.1.8":
  version "6.1.9"
  resolved "https://registry.yarnpkg.com/@fullcalendar/core/-/core-6.1.9.tgz#ea735b0dd0a0a487969ebbb6c99b0967e07568c0"
  integrity sha512-eeG+z9BWerdsU9Ac6j16rpYpPnE0wxtnEHiHrh/u/ADbGTR3hCOjCD9PxQOfhOTHbWOVs7JQunGcksSPu5WZBQ==
  dependencies:
    preact "~10.12.1"

"@fullcalendar/daygrid@~6.1.8", "@fullcalendar/daygrid@~6.1.9":
  version "6.1.9"
  resolved "https://registry.yarnpkg.com/@fullcalendar/daygrid/-/daygrid-6.1.9.tgz#efb8aabb2f928ac0b05a77c5443accb546ae5818"
  integrity sha512-o/6joH/7lmVHXAkbaa/tUbzWYnGp/LgfdiFyYPkqQbjKEeivNZWF1WhHqFbhx0zbFONSHtrvkjY2bjr+Ef2quQ==

"@fullcalendar/interaction@~6.1.8":
  version "6.1.9"
  resolved "https://registry.yarnpkg.com/@fullcalendar/interaction/-/interaction-6.1.9.tgz#9023922df24c296cb7f4671887f1731f5d5a5db2"
  integrity sha512-I3FGnv0kKZpIwujg3HllbKrciNjTqeTYy3oJG226oAn7lV6wnrrDYMmuGmA0jPJAGN46HKrQqKN7ItxQRDec4Q==

"@fullcalendar/list@~6.1.8":
  version "6.1.9"
  resolved "https://registry.yarnpkg.com/@fullcalendar/list/-/list-6.1.9.tgz#67ce0712a8713fd478fde5c71ec2d94dff68a2a4"
  integrity sha512-OCKdC1Gz26cJ5QsXdQyXVyzVu23ypT2xzyAR+Wc8jEytcJLWXw2a914m/MVax8n8EHuaIYY2exhsy/eaSU0XNA==

"@fullcalendar/multimonth@~6.1.8":
  version "6.1.9"
  resolved "https://registry.yarnpkg.com/@fullcalendar/multimonth/-/multimonth-6.1.9.tgz#d261e05a7754398c4c82cfab2ace7469cb8417e6"
  integrity sha512-YpH1NL6RzdM1wO2nFJ3pNMo9xhd6i2WuE+e7SnGi7q1lO+ZZ77h5Fja5JKcpuIQUFHpi+m6vTzihIV8DT44NnQ==
  dependencies:
    "@fullcalendar/daygrid" "~6.1.9"

"@fullcalendar/timegrid@~6.1.8":
  version "6.1.9"
  resolved "https://registry.yarnpkg.com/@fullcalendar/timegrid/-/timegrid-6.1.9.tgz#83b61ac734638d11182aeb579b638fa0bc52ea32"
  integrity sha512-le7UV05wVE1Trdr054kgJXTwa+A1pEI8nlCBnPWdcyrL+dTLoPvQ4AWEVCnV7So+4zRYaCqnqGXfCJsj0RQa0g==
  dependencies:
    "@fullcalendar/daygrid" "~6.1.9"

bootstrap@^5.3.2:
  version "5.3.2"
  resolved "https://registry.yarnpkg.com/bootstrap/-/bootstrap-5.3.2.tgz#97226583f27aae93b2b28ab23f4c114757ff16ae"
  integrity sha512-D32nmNWiQHo94BKHLmOrdjlL05q1c8oxbtBphQFb9Z5to6eGRDCm0QgeaZ4zFBHzfg2++rqa2JkqCcxDy0sH0g==

fullcalendar@6.1.8:
  version "6.1.8"
  resolved "https://registry.yarnpkg.com/fullcalendar/-/fullcalendar-6.1.8.tgz#52b5c73b6214713dbe446587acd4a3feb1f0c4bf"
  integrity sha512-cbIdnInHVjj3fWqGgurbRuo8EFViVcEKpI2NZpGkzaqpnvN0p1ifKyQ9qnSGS2bKr7733z8Tv8T+CRXfnEWVmw==
  dependencies:
    "@fullcalendar/core" "~6.1.8"
    "@fullcalendar/daygrid" "~6.1.8"
    "@fullcalendar/interaction" "~6.1.8"
    "@fullcalendar/list" "~6.1.8"
    "@fullcalendar/multimonth" "~6.1.8"
    "@fullcalendar/timegrid" "~6.1.8"

preact@~10.12.1:
  version "10.12.1"
  resolved "https://registry.yarnpkg.com/preact/-/preact-10.12.1.tgz#8f9cb5442f560e532729b7d23d42fd1161354a21"
  integrity sha512-l8386ixSsBdbreOAkqtrwqHwdvR35ID8c3rKPa8lCWuO86dBi32QWHV4vfsZK1utLLFMvw+Z5Ad4XLkZzchscg==
